{
  "name": "ramda-todo-app",
  "version": "1.0.0",
  "lockfileVersion": 2,
  "requires": true,
  "packages": {
    "": {
      "name": "ramda-todo-app",
      "version": "1.0.0",
      "license": "ISC",
      "dependencies": {
        "orichalcum": "^1.0.4",
        "ramda": "^0.28.0"
      }
    },
    "node_modules/orichalcum": {
      "version": "1.0.4",
      "resolved": "https://registry.npmjs.org/orichalcum/-/orichalcum-1.0.4.tgz",
      "integrity": "sha512-CA79FmZzUXKbDxRpO208LV0GOphVNb3FbbsgC6zBip+CKbNhRTKz64u+iO9frm00QtVzmlDh+W/MCfp89W3Tbg=="
    },
    "node_modules/ramda": {
      "version": "0.28.0",
      "resolved": "https://registry.npmjs.org/ramda/-/ramda-0.28.0.tgz",
      "integrity": "sha512-9QnLuG/kPVgWvMQ4aODhsBUFKOUmnbUnsSXACv+NCQZcHbeb+v8Lodp8OVxtRULN1/xOyYLLaL6npE6dMq5QTA==",
      "funding": {
        "type": "opencollective",
        "url": "https://opencollective.com/ramda"
      }
    }
  },
  "dependencies": {
    "orichalcum": {
      "version": "1.0.4",
      "resolved": "https://registry.npmjs.org/orichalcum/-/orichalcum-1.0.4.tgz",
      "integrity": "sha512-CA79FmZzUXKbDxRpO208LV0GOphVNb3FbbsgC6zBip+CKbNhRTKz64u+iO9frm00QtVzmlDh+W/MCfp89W3Tbg=="
    },
    "ramda": {
      "version": "0.28.0",
      "resolved": "https://registry.npmjs.org/ramda/-/ramda-0.28.0.tgz",
      "integrity": "sha512-9QnLuG/kPVgWvMQ4aODhsBUFKOUmnbUnsSXACv+NCQZcHbeb+v8Lodp8OVxtRULN1/xOyYLLaL6npE6dMq5QTA=="
    }
  }
}
